
Microsoft Visual Studio Solution File, Format Version 12.00
# Visual Studio Version 16
VisualStudioVersion = 16.0.31729.503
MinimumVisualStudioVersion = 10.0.40219.1
Project("{FAE04EC0-301F-11D3-BF4B-00C04F79EFBC}") = "LibreriaColecciones", "LibreriaColecciones\LibreriaColecciones.csproj", "{1A0A20F7-8774-47CD-AEFE-EBA5CACEDCBE}"
EndProject
Project("{FAE04EC0-301F-11D3-BF4B-00C04F79EFBC}") = "WindowsAppColecciones", "WindowsAppColecciones\WindowsAppColecciones.csproj", "{1E96F3BC-9C0E-4929-8B20-EEA430C07E88}"
EndProject
Global
	GlobalSection(SolutionConfigurationPlatforms) = preSolution
		Debug|Any CPU = Debug|Any CPU
		Release|Any CPU = Release|Any CPU
	EndGlobalSection
	GlobalSection(ProjectConfigurationPlatforms) = postSolution
		{1A0A20F7-8774-47CD-AEFE-EBA5CACEDCBE}.Debug|Any CPU.ActiveCfg = Debug|Any CPU
		{1A0A20F7-8774-47CD-AEFE-EBA5CACEDCBE}.Debug|Any CPU.Build.0 = Debug|Any CPU
		{1A0A20F7-8774-47CD-AEFE-EBA5CACEDCBE}.Release|Any CPU.ActiveCfg = Release|Any CPU
		{1A0A20F7-8774-47CD-AEFE-EBA5CACEDCBE}.Release|Any CPU.Build.0 = Release|Any CPU
		{1E96F3BC-9C0E-4929-8B20-EEA430C07E88}.Debug|Any CPU.ActiveCfg = Debug|Any CPU
		{1E96F3BC-9C0E-4929-8B20-EEA430C07E88}.Debug|Any CPU.Build.0 = Debug|Any CPU
		{1E96F3BC-9C0E-4929-8B20-EEA430C07E88}.Release|Any CPU.ActiveCfg = Release|Any CPU
		{1E96F3BC-9C0E-4929-8B20-EEA430C07E88}.Release|Any CPU.Build.0 = Release|Any CPU
	EndGlobalSection
	GlobalSection(SolutionProperties) = preSolution
		HideSolutionNode = FALSE
	EndGlobalSection
	GlobalSection(ExtensibilityGlobals) = postSolution
		SolutionGuid = {45BE69F0-2D1F-41FA-B3B3-47369E0C73FA}
	EndGlobalSection
EndGlobal
